
Microsoft Visual Studio Solution File, Format Version 12.00
# Visual Studio 15
VisualStudioVersion = 15.0.28307.136
MinimumVisualStudioVersion = 10.0.40219.1
Project("{FAE04EC0-301F-11D3-BF4B-00C04F79EFBC}") = "Lab1", "Lab1\Lab1.csproj", "{C973E100-4F76-436B-9184-3EE24144E03B}"
EndProject
Project("{FAE04EC0-301F-11D3-BF4B-00C04F79EFBC}") = "Lab2", "Lab2\Lab2.csproj", "{6A98F94A-CC7D-4D52-9AF3-0F58129281D7}"
EndProject
Project("{FAE04EC0-301F-11D3-BF4B-00C04F79EFBC}") = "Lab3", "Lab3\Lab3.csproj", "{5D90647D-DA80-4D13-96B5-CE75B9D62FB1}"
EndProject
Project("{FAE04EC0-301F-11D3-BF4B-00C04F79EFBC}") = "Lab4", "Lab4\Lab4.csproj", "{DA402B86-182E-417C-ADB3-B0D0DE888728}"
EndProject
Project("{FAE04EC0-301F-11D3-BF4B-00C04F79EFBC}") = "Lab5", "Lab5\Lab5.csproj", "{AC31DE4B-E411-483D-852D-DF63E68A7CB8}"
EndProject
Project("{FAE04EC0-301F-11D3-BF4B-00C04F79EFBC}") = "Lab6", "Lab6\Lab6.csproj", "{09F5C1F8-5648-4530-B904-0527380EAAC0}"
EndProject
Project("{FAE04EC0-301F-11D3-BF4B-00C04F79EFBC}") = "Lab7", "Lab7\Lab7.csproj", "{D657AC62-3914-41C3-9EE1-5B1365C2850F}"
EndProject
Project("{FAE04EC0-301F-11D3-BF4B-00C04F79EFBC}") = "Lab8", "Lab8\Lab8.csproj", "{3B776928-E3A6-4724-86A9-94B3FAAD686F}"
EndProject
Project("{FAE04EC0-301F-11D3-BF4B-00C04F79EFBC}") = "Lab9", "Lab9\Lab9.csproj", "{45E49E33-548D-4FA7-A561-8355ED5DB576}"
EndProject
Project("{FAE04EC0-301F-11D3-BF4B-00C04F79EFBC}") = "Lab10", "Lab10\Lab10.csproj", "{5D3C5DCB-9077-4A99-8B1D-335D58ADA5A9}"
EndProject
Global
	GlobalSection(SolutionConfigurationPlatforms) = preSolution
		Debug|Any CPU = Debug|Any CPU
		Debug|x64 = Debug|x64
		Debug|x86 = Debug|x86
		Release|Any CPU = Release|Any CPU
		Release|x64 = Release|x64
		Release|x86 = Release|x86
	EndGlobalSection
	GlobalSection(ProjectConfigurationPlatforms) = postSolution
		{C973E100-4F76-436B-9184-3EE24144E03B}.Debug|Any CPU.ActiveCfg = Debug|Any CPU
		{C973E100-4F76-436B-9184-3EE24144E03B}.Debug|Any CPU.Build.0 = Debug|Any CPU
		{C973E100-4F76-436B-9184-3EE24144E03B}.Debug|x64.ActiveCfg = Debug|Any CPU
		{C973E100-4F76-436B-9184-3EE24144E03B}.Debug|x64.Build.0 = Debug|Any CPU
		{C973E100-4F76-436B-9184-3EE24144E03B}.Debug|x86.ActiveCfg = Debug|Any CPU
		{C973E100-4F76-436B-9184-3EE24144E03B}.Debug|x86.Build.0 = Debug|Any CPU
		{C973E100-4F76-436B-9184-3EE24144E03B}.Release|Any CPU.ActiveCfg = Release|Any CPU
		{C973E100-4F76-436B-9184-3EE24144E03B}.Release|Any CPU.Build.0 = Release|Any CPU
		{C973E100-4F76-436B-9184-3EE24144E03B}.Release|x64.ActiveCfg = Release|Any CPU
		{C973E100-4F76-436B-9184-3EE24144E03B}.Release|x64.Build.0 = Release|Any CPU
		{C973E100-4F76-436B-9184-3EE24144E03B}.Release|x86.ActiveCfg = Release|Any CPU
		{C973E100-4F76-436B-9184-3EE24144E03B}.Release|x86.Build.0 = Release|Any CPU
		{6A98F94A-CC7D-4D52-9AF3-0F58129281D7}.Debug|Any CPU.ActiveCfg = Debug|Any CPU
		{6A98F94A-CC7D-4D52-9AF3-0F58129281D7}.Debug|Any CPU.Build.0 = Debug|Any CPU
		{6A98F94A-CC7D-4D52-9AF3-0F58129281D7}.Debug|x64.ActiveCfg = Debug|Any CPU
		{6A98F94A-CC7D-4D52-9AF3-0F58129281D7}.Debug|x64.Build.0 = Debug|Any CPU
		{6A98F94A-CC7D-4D52-9AF3-0F58129281D7}.Debug|x86.ActiveCfg = Debug|Any CPU
		{6A98F94A-CC7D-4D52-9AF3-0F58129281D7}.Debug|x86.Build.0 = Debug|Any CPU
		{6A98F94A-CC7D-4D52-9AF3-0F58129281D7}.Release|Any CPU.ActiveCfg = Release|Any CPU
		{6A98F94A-CC7D-4D52-9AF3-0F58129281D7}.Release|Any CPU.Build.0 = Release|Any CPU
		{6A98F94A-CC7D-4D52-9AF3-0F58129281D7}.Release|x64.ActiveCfg = Release|Any CPU
		{6A98F94A-CC7D-4D52-9AF3-0F58129281D7}.Release|x64.Build.0 = Release|Any CPU
		{6A98F94A-CC7D-4D52-9AF3-0F58129281D7}.Release|x86.ActiveCfg = Release|Any CPU
		{6A98F94A-CC7D-4D52-9AF3-0F58129281D7}.Release|x86.Build.0 = Release|Any CPU
		{5D90647D-DA80-4D13-96B5-CE75B9D62FB1}.Debug|Any CPU.ActiveCfg = Debug|Any CPU
		{5D90647D-DA80-4D13-96B5-CE75B9D62FB1}.Debug|Any CPU.Build.0 = Debug|Any CPU
		{5D90647D-DA80-4D13-96B5-CE75B9D62FB1}.Debug|x64.ActiveCfg = Debug|Any CPU
		{5D90647D-DA80-4D13-96B5-CE75B9D62FB1}.Debug|x64.Build.0 = Debug|Any CPU
		{5D90647D-DA80-4D13-96B5-CE75B9D62FB1}.Debug|x86.ActiveCfg = Debug|Any CPU
		{5D90647D-DA80-4D13-96B5-CE75B9D62FB1}.Debug|x86.Build.0 = Debug|Any CPU
		{5D90647D-DA80-4D13-96B5-CE75B9D62FB1}.Release|Any CPU.ActiveCfg = Release|Any CPU
		{5D90647D-DA80-4D13-96B5-CE75B9D62FB1}.Release|Any CPU.Build.0 = Release|Any CPU
		{5D90647D-DA80-4D13-96B5-CE75B9D62FB1}.Release|x64.ActiveCfg = Release|Any CPU
		{5D90647D-DA80-4D13-96B5-CE75B9D62FB1}.Release|x64.Build.0 = Release|Any CPU
		{5D90647D-DA80-4D13-96B5-CE75B9D62FB1}.Release|x86.ActiveCfg = Release|Any CPU
		{5D90647D-DA80-4D13-96B5-CE75B9D62FB1}.Release|x86.Build.0 = Release|Any CPU
		{DA402B86-182E-417C-ADB3-B0D0DE888728}.Debug|Any CPU.ActiveCfg = Debug|Any CPU
		{DA402B86-182E-417C-ADB3-B0D0DE888728}.Debug|Any CPU.Build.0 = Debug|Any CPU
		{DA402B86-182E-417C-ADB3-B0D0DE888728}.Debug|x64.ActiveCfg = Debug|Any CPU
		{DA402B86-182E-417C-ADB3-B0D0DE888728}.Debug|x64.Build.0 = Debug|Any CPU
		{DA402B86-182E-417C-ADB3-B0D0DE888728}.Debug|x86.ActiveCfg = Debug|Any CPU
		{DA402B86-182E-417C-ADB3-B0D0DE888728}.Debug|x86.Build.0 = Debug|Any CPU
		{DA402B86-182E-417C-ADB3-B0D0DE888728}.Release|Any CPU.ActiveCfg = Release|Any CPU
		{DA402B86-182E-417C-ADB3-B0D0DE888728}.Release|Any CPU.Build.0 = Release|Any CPU
		{DA402B86-182E-417C-ADB3-B0D0DE888728}.Release|x64.ActiveCfg = Release|Any CPU
		{DA402B86-182E-417C-ADB3-B0D0DE888728}.Release|x64.Build.0 = Release|Any CPU
		{DA402B86-182E-417C-ADB3-B0D0DE888728}.Release|x86.ActiveCfg = Release|Any CPU
		{DA402B86-182E-417C-ADB3-B0D0DE888728}.Release|x86.Build.0 = Release|Any CPU
		{AC31DE4B-E411-483D-852D-DF63E68A7CB8}.Debug|Any CPU.ActiveCfg = Debug|Any CPU
		{AC31DE4B-E411-483D-852D-DF63E68A7CB8}.Debug|Any CPU.Build.0 = Debug|Any CPU
		{AC31DE4B-E411-483D-852D-DF63E68A7CB8}.Debug|x64.ActiveCfg = Debug|Any CPU
		{AC31DE4B-E411-483D-852D-DF63E68A7CB8}.Debug|x64.Build.0 = Debug|Any CPU
		{AC31DE4B-E411-483D-852D-DF63E68A7CB8}.Debug|x86.ActiveCfg = Debug|Any CPU
		{AC31DE4B-E411-483D-852D-DF63E68A7CB8}.Debug|x86.Build.0 = Debug|Any CPU
		{AC31DE4B-E411-483D-852D-DF63E68A7CB8}.Release|Any CPU.ActiveCfg = Release|Any CPU
		{AC31DE4B-E411-483D-852D-DF63E68A7CB8}.Release|Any CPU.Build.0 = Release|Any CPU
		{AC31DE4B-E411-483D-852D-DF63E68A7CB8}.Release|x64.ActiveCfg = Release|Any CPU
		{AC31DE4B-E411-483D-852D-DF63E68A7CB8}.Release|x64.Build.0 = Release|Any CPU
		{AC31DE4B-E411-483D-852D-DF63E68A7CB8}.Release|x86.ActiveCfg = Release|Any CPU
		{AC31DE4B-E411-483D-852D-DF63E68A7CB8}.Release|x86.Build.0 = Release|Any CPU
		{09F5C1F8-5648-4530-B904-0527380EAAC0}.Debug|Any CPU.ActiveCfg = Debug|Any CPU
		{09F5C1F8-5648-4530-B904-0527380EAAC0}.Debug|Any CPU.Build.0 = Debug|Any CPU
		{09F5C1F8-5648-4530-B904-0527380EAAC0}.Debug|x64.ActiveCfg = Debug|Any CPU
		{09F5C1F8-5648-4530-B904-0527380EAAC0}.Debug|x64.Build.0 = Debug|Any CPU
		{09F5C1F8-5648-4530-B904-0527380EAAC0}.Debug|x86.ActiveCfg = Debug|Any CPU
		{09F5C1F8-5648-4530-B904-0527380EAAC0}.Debug|x86.Build.0 = Debug|Any CPU
		{09F5C1F8-5648-4530-B904-0527380EAAC0}.Release|Any CPU.ActiveCfg = Release|Any CPU
		{09F5C1F8-5648-4530-B904-0527380EAAC0}.Release|Any CPU.Build.0 = Release|Any CPU
		{09F5C1F8-5648-4530-B904-0527380EAAC0}.Release|x64.ActiveCfg = Release|Any CPU
		{09F5C1F8-5648-4530-B904-0527380EAAC0}.Release|x64.Build.0 = Release|Any CPU
		{09F5C1F8-5648-4530-B904-0527380EAAC0}.Release|x86.ActiveCfg = Release|Any CPU
		{09F5C1F8-5648-4530-B904-0527380EAAC0}.Release|x86.Build.0 = Release|Any CPU
		{D657AC62-3914-41C3-9EE1-5B1365C2850F}.Debug|Any CPU.ActiveCfg = Debug|Any CPU
		{D657AC62-3914-41C3-9EE1-5B1365C2850F}.Debug|Any CPU.Build.0 = Debug|Any CPU
		{D657AC62-3914-41C3-9EE1-5B1365C2850F}.Debug|x64.ActiveCfg = Debug|Any CPU
		{D657AC62-3914-41C3-9EE1-5B1365C2850F}.Debug|x64.Build.0 = Debug|Any CPU
		{D657AC62-3914-41C3-9EE1-5B1365C2850F}.Debug|x86.ActiveCfg = Debug|Any CPU
		{D657AC62-3914-41C3-9EE1-5B1365C2850F}.Debug|x86.Build.0 = Debug|Any CPU
		{D657AC62-3914-41C3-9EE1-5B1365C2850F}.Release|Any CPU.ActiveCfg = Release|Any CPU
		{D657AC62-3914-41C3-9EE1-5B1365C2850F}.Release|Any CPU.Build.0 = Release|Any CPU
		{D657AC62-3914-41C3-9EE1-5B1365C2850F}.Release|x64.ActiveCfg = Release|Any CPU
		{D657AC62-3914-41C3-9EE1-5B1365C2850F}.Release|x64.Build.0 = Release|Any CPU
		{D657AC62-3914-41C3-9EE1-5B1365C2850F}.Release|x86.ActiveCfg = Release|Any CPU
		{D657AC62-3914-41C3-9EE1-5B1365C2850F}.Release|x86.Build.0 = Release|Any CPU
		{3B776928-E3A6-4724-86A9-94B3FAAD686F}.Debug|Any CPU.ActiveCfg = Debug|Any CPU
		{3B776928-E3A6-4724-86A9-94B3FAAD686F}.Debug|Any CPU.Build.0 = Debug|Any CPU
		{3B776928-E3A6-4724-86A9-94B3FAAD686F}.Debug|x64.ActiveCfg = Debug|Any CPU
		{3B776928-E3A6-4724-86A9-94B3FAAD686F}.Debug|x64.Build.0 = Debug|Any CPU
		{3B776928-E3A6-4724-86A9-94B3FAAD686F}.Debug|x86.ActiveCfg = Debug|Any CPU
		{3B776928-E3A6-4724-86A9-94B3FAAD686F}.Debug|x86.Build.0 = Debug|Any CPU
		{3B776928-E3A6-4724-86A9-94B3FAAD686F}.Release|Any CPU.ActiveCfg = Release|Any CPU
		{3B776928-E3A6-4724-86A9-94B3FAAD686F}.Release|Any CPU.Build.0 = Release|Any CPU
		{3B776928-E3A6-4724-86A9-94B3FAAD686F}.Release|x64.ActiveCfg = Release|Any CPU
		{3B776928-E3A6-4724-86A9-94B3FAAD686F}.Release|x64.Build.0 = Release|Any CPU
		{3B776928-E3A6-4724-86A9-94B3FAAD686F}.Release|x86.ActiveCfg = Release|Any CPU
		{3B776928-E3A6-4724-86A9-94B3FAAD686F}.Release|x86.Build.0 = Release|Any CPU
		{45E49E33-548D-4FA7-A561-8355ED5DB576}.Debug|Any CPU.ActiveCfg = Debug|Any CPU
		{45E49E33-548D-4FA7-A561-8355ED5DB576}.Debug|Any CPU.Build.0 = Debug|Any CPU
		{45E49E33-548D-4FA7-A561-8355ED5DB576}.Debug|x64.ActiveCfg = Debug|Any CPU
		{45E49E33-548D-4FA7-A561-8355ED5DB576}.Debug|x64.Build.0 = Debug|Any CPU
		{45E49E33-548D-4FA7-A561-8355ED5DB576}.Debug|x86.ActiveCfg = Debug|Any CPU
		{45E49E33-548D-4FA7-A561-8355ED5DB576}.Debug|x86.Build.0 = Debug|Any CPU
		{45E49E33-548D-4FA7-A561-8355ED5DB576}.Release|Any CPU.ActiveCfg = Release|Any CPU
		{45E49E33-548D-4FA7-A561-8355ED5DB576}.Release|Any CPU.Build.0 = Release|Any CPU
		{45E49E33-548D-4FA7-A561-8355ED5DB576}.Release|x64.ActiveCfg = Release|Any CPU
		{45E49E33-548D-4FA7-A561-8355ED5DB576}.Release|x64.Build.0 = Release|Any CPU
		{45E49E33-548D-4FA7-A561-8355ED5DB576}.Release|x86.ActiveCfg = Release|Any CPU
		{45E49E33-548D-4FA7-A561-8355ED5DB576}.Release|x86.Build.0 = Release|Any CPU
		{5D3C5DCB-9077-4A99-8B1D-335D58ADA5A9}.Debug|Any CPU.ActiveCfg = Debug|Any CPU
		{5D3C5DCB-9077-4A99-8B1D-335D58ADA5A9}.Debug|Any CPU.Build.0 = Debug|Any CPU
		{5D3C5DCB-9077-4A99-8B1D-335D58ADA5A9}.Debug|x64.ActiveCfg = Debug|Any CPU
		{5D3C5DCB-9077-4A99-8B1D-335D58ADA5A9}.Debug|x64.Build.0 = Debug|Any CPU
		{5D3C5DCB-9077-4A99-8B1D-335D58ADA5A9}.Debug|x86.ActiveCfg = Debug|Any CPU
		{5D3C5DCB-9077-4A99-8B1D-335D58ADA5A9}.Debug|x86.Build.0 = Debug|Any CPU
		{5D3C5DCB-9077-4A99-8B1D-335D58ADA5A9}.Release|Any CPU.ActiveCfg = Release|Any CPU
		{5D3C5DCB-9077-4A99-8B1D-335D58ADA5A9}.Release|Any CPU.Build.0 = Release|Any CPU
		{5D3C5DCB-9077-4A99-8B1D-335D58ADA5A9}.Release|x64.ActiveCfg = Release|Any CPU
		{5D3C5DCB-9077-4A99-8B1D-335D58ADA5A9}.Release|x64.Build.0 = Release|Any CPU
		{5D3C5DCB-9077-4A99-8B1D-335D58ADA5A9}.Release|x86.ActiveCfg = Release|Any CPU
		{5D3C5DCB-9077-4A99-8B1D-335D58ADA5A9}.Release|x86.Build.0 = Release|Any CPU
	EndGlobalSection
	GlobalSection(SolutionProperties) = preSolution
		HideSolutionNode = FALSE
	EndGlobalSection
	GlobalSection(ExtensibilityGlobals) = postSolution
		SolutionGuid = {E2D37DBE-3793-4132-A45E-B7B6A89284BB}
	EndGlobalSection
EndGlobal
