
Microsoft Visual Studio Solution File, Format Version 12.00
# Visual Studio Version 16
VisualStudioVersion = 16.0.28407.52
MinimumVisualStudioVersion = 10.0.40219.1
Project("{FAE04EC0-301F-11D3-BF4B-00C04F79EFBC}") = "Lab1", "Lab1\Lab1.csproj", "{9F9B3DCC-3012-4BD4-A041-751837FD7E85}"
EndProject
Project("{FAE04EC0-301F-11D3-BF4B-00C04F79EFBC}") = "Lab2", "Lab2\Lab2.csproj", "{E659A338-6E12-4713-ACE2-E594E9E29A8C}"
EndProject
Project("{FAE04EC0-301F-11D3-BF4B-00C04F79EFBC}") = "Lab3", "Lab3\Lab3.csproj", "{8B61F841-91CE-4FC9-BD91-031CC6704CE3}"
EndProject
Project("{FAE04EC0-301F-11D3-BF4B-00C04F79EFBC}") = "Lab4", "Lab4\Lab4.csproj", "{C73B0223-CA22-45FF-A4BC-8BD41FC29FEA}"
EndProject
Project("{FAE04EC0-301F-11D3-BF4B-00C04F79EFBC}") = "Lab5", "Lab5\Lab5.csproj", "{78B0B903-E77F-44D7-A55C-224B3CD18688}"
EndProject
Project("{FAE04EC0-301F-11D3-BF4B-00C04F79EFBC}") = "Lab6", "Lab6\Lab6.csproj", "{187E61E1-DCFD-4EFB-8FCE-1863E45AB1B8}"
EndProject
Project("{FAE04EC0-301F-11D3-BF4B-00C04F79EFBC}") = "Lab7", "Lab7\Lab7.csproj", "{EA692935-39F0-4F70-8339-737CA5C58ECD}"
EndProject
Project("{FAE04EC0-301F-11D3-BF4B-00C04F79EFBC}") = "Lab8", "Lab8\Lab8.csproj", "{E4629284-583C-4001-9553-C9D6DBA8328E}"
EndProject
Project("{FAE04EC0-301F-11D3-BF4B-00C04F79EFBC}") = "Lab9", "Lab9\Lab9.csproj", "{0E166958-6D16-4071-966D-984F475D8A7E}"
EndProject
Project("{FAE04EC0-301F-11D3-BF4B-00C04F79EFBC}") = "Lab10", "Lab10\Lab10.csproj", "{630DA9D8-7E49-43D3-B21A-E33A42A8950A}"
EndProject
Global
	GlobalSection(SolutionConfigurationPlatforms) = preSolution
		Debug|Any CPU = Debug|Any CPU
		Release|Any CPU = Release|Any CPU
	EndGlobalSection
	GlobalSection(ProjectConfigurationPlatforms) = postSolution
		{9F9B3DCC-3012-4BD4-A041-751837FD7E85}.Debug|Any CPU.ActiveCfg = Debug|Any CPU
		{9F9B3DCC-3012-4BD4-A041-751837FD7E85}.Debug|Any CPU.Build.0 = Debug|Any CPU
		{9F9B3DCC-3012-4BD4-A041-751837FD7E85}.Release|Any CPU.ActiveCfg = Release|Any CPU
		{9F9B3DCC-3012-4BD4-A041-751837FD7E85}.Release|Any CPU.Build.0 = Release|Any CPU
		{E659A338-6E12-4713-ACE2-E594E9E29A8C}.Debug|Any CPU.ActiveCfg = Debug|Any CPU
		{E659A338-6E12-4713-ACE2-E594E9E29A8C}.Debug|Any CPU.Build.0 = Debug|Any CPU
		{E659A338-6E12-4713-ACE2-E594E9E29A8C}.Release|Any CPU.ActiveCfg = Release|Any CPU
		{E659A338-6E12-4713-ACE2-E594E9E29A8C}.Release|Any CPU.Build.0 = Release|Any CPU
		{8B61F841-91CE-4FC9-BD91-031CC6704CE3}.Debug|Any CPU.ActiveCfg = Debug|Any CPU
		{8B61F841-91CE-4FC9-BD91-031CC6704CE3}.Debug|Any CPU.Build.0 = Debug|Any CPU
		{8B61F841-91CE-4FC9-BD91-031CC6704CE3}.Release|Any CPU.ActiveCfg = Release|Any CPU
		{8B61F841-91CE-4FC9-BD91-031CC6704CE3}.Release|Any CPU.Build.0 = Release|Any CPU
		{C73B0223-CA22-45FF-A4BC-8BD41FC29FEA}.Debug|Any CPU.ActiveCfg = Debug|Any CPU
		{C73B0223-CA22-45FF-A4BC-8BD41FC29FEA}.Debug|Any CPU.Build.0 = Debug|Any CPU
		{C73B0223-CA22-45FF-A4BC-8BD41FC29FEA}.Release|Any CPU.ActiveCfg = Release|Any CPU
		{C73B0223-CA22-45FF-A4BC-8BD41FC29FEA}.Release|Any CPU.Build.0 = Release|Any CPU
		{78B0B903-E77F-44D7-A55C-224B3CD18688}.Debug|Any CPU.ActiveCfg = Debug|Any CPU
		{78B0B903-E77F-44D7-A55C-224B3CD18688}.Debug|Any CPU.Build.0 = Debug|Any CPU
		{78B0B903-E77F-44D7-A55C-224B3CD18688}.Release|Any CPU.ActiveCfg = Release|Any CPU
		{78B0B903-E77F-44D7-A55C-224B3CD18688}.Release|Any CPU.Build.0 = Release|Any CPU
		{187E61E1-DCFD-4EFB-8FCE-1863E45AB1B8}.Debug|Any CPU.ActiveCfg = Debug|Any CPU
		{187E61E1-DCFD-4EFB-8FCE-1863E45AB1B8}.Debug|Any CPU.Build.0 = Debug|Any CPU
		{187E61E1-DCFD-4EFB-8FCE-1863E45AB1B8}.Release|Any CPU.ActiveCfg = Release|Any CPU
		{187E61E1-DCFD-4EFB-8FCE-1863E45AB1B8}.Release|Any CPU.Build.0 = Release|Any CPU
		{EA692935-39F0-4F70-8339-737CA5C58ECD}.Debug|Any CPU.ActiveCfg = Debug|Any CPU
		{EA692935-39F0-4F70-8339-737CA5C58ECD}.Debug|Any CPU.Build.0 = Debug|Any CPU
		{EA692935-39F0-4F70-8339-737CA5C58ECD}.Release|Any CPU.ActiveCfg = Release|Any CPU
		{EA692935-39F0-4F70-8339-737CA5C58ECD}.Release|Any CPU.Build.0 = Release|Any CPU
		{E4629284-583C-4001-9553-C9D6DBA8328E}.Debug|Any CPU.ActiveCfg = Debug|Any CPU
		{E4629284-583C-4001-9553-C9D6DBA8328E}.Debug|Any CPU.Build.0 = Debug|Any CPU
		{E4629284-583C-4001-9553-C9D6DBA8328E}.Release|Any CPU.ActiveCfg = Release|Any CPU
		{E4629284-583C-4001-9553-C9D6DBA8328E}.Release|Any CPU.Build.0 = Release|Any CPU
		{0E166958-6D16-4071-966D-984F475D8A7E}.Debug|Any CPU.ActiveCfg = Debug|Any CPU
		{0E166958-6D16-4071-966D-984F475D8A7E}.Debug|Any CPU.Build.0 = Debug|Any CPU
		{0E166958-6D16-4071-966D-984F475D8A7E}.Release|Any CPU.ActiveCfg = Release|Any CPU
		{0E166958-6D16-4071-966D-984F475D8A7E}.Release|Any CPU.Build.0 = Release|Any CPU
		{630DA9D8-7E49-43D3-B21A-E33A42A8950A}.Debug|Any CPU.ActiveCfg = Debug|Any CPU
		{630DA9D8-7E49-43D3-B21A-E33A42A8950A}.Debug|Any CPU.Build.0 = Debug|Any CPU
		{630DA9D8-7E49-43D3-B21A-E33A42A8950A}.Release|Any CPU.ActiveCfg = Release|Any CPU
		{630DA9D8-7E49-43D3-B21A-E33A42A8950A}.Release|Any CPU.Build.0 = Release|Any CPU
	EndGlobalSection
	GlobalSection(SolutionProperties) = preSolution
		HideSolutionNode = FALSE
	EndGlobalSection
	GlobalSection(ExtensibilityGlobals) = postSolution
		SolutionGuid = {08601C4E-1479-40A6-8F02-A59EA1D4FC20}
	EndGlobalSection
EndGlobal
